
Microsoft Visual Studio Solution File, Format Version 12.00
# Visual Studio Version 16
VisualStudioVersion = 16.0.30114.105
MinimumVisualStudioVersion = 10.0.40219.1
Project("{FAE04EC0-301F-11D3-BF4B-00C04F79EFBC}") = "LTCSDL_ViecLamIT", "LTCSDL_ViecLamIT\LTCSDL_ViecLamIT.csproj", "{8BB8CAA0-0D2D-4D70-932A-A16C5BB67FCB}"
EndProject
Project("{FAE04EC0-301F-11D3-BF4B-00C04F79EFBC}") = "LTCSDL.DAL", "LTCSDL.DAL\LTCSDL.DAL.csproj", "{6C9DB9BC-0039-4358-981F-15D6A933F836}"
EndProject
Project("{FAE04EC0-301F-11D3-BF4B-00C04F79EFBC}") = "LTCSDL.BILL", "LTCSDL.BILL\LTCSDL.BILL.csproj", "{A327BF6E-C0F5-4330-B90B-E927BAA400E7}"
EndProject
Project("{FAE04EC0-301F-11D3-BF4B-00C04F79EFBC}") = "LTCSDL.Common", "LTCSDL.Common\LTCSDL.Common.csproj", "{91BD8506-D672-4A21-961B-BABA191FE588}"
EndProject
Global
	GlobalSection(SolutionConfigurationPlatforms) = preSolution
		Debug|Any CPU = Debug|Any CPU
		Release|Any CPU = Release|Any CPU
	EndGlobalSection
	GlobalSection(ProjectConfigurationPlatforms) = postSolution
		{8BB8CAA0-0D2D-4D70-932A-A16C5BB67FCB}.Debug|Any CPU.ActiveCfg = Debug|Any CPU
		{8BB8CAA0-0D2D-4D70-932A-A16C5BB67FCB}.Debug|Any CPU.Build.0 = Debug|Any CPU
		{8BB8CAA0-0D2D-4D70-932A-A16C5BB67FCB}.Release|Any CPU.ActiveCfg = Release|Any CPU
		{8BB8CAA0-0D2D-4D70-932A-A16C5BB67FCB}.Release|Any CPU.Build.0 = Release|Any CPU
		{6C9DB9BC-0039-4358-981F-15D6A933F836}.Debug|Any CPU.ActiveCfg = Debug|Any CPU
		{6C9DB9BC-0039-4358-981F-15D6A933F836}.Debug|Any CPU.Build.0 = Debug|Any CPU
		{6C9DB9BC-0039-4358-981F-15D6A933F836}.Release|Any CPU.ActiveCfg = Release|Any CPU
		{6C9DB9BC-0039-4358-981F-15D6A933F836}.Release|Any CPU.Build.0 = Release|Any CPU
		{A327BF6E-C0F5-4330-B90B-E927BAA400E7}.Debug|Any CPU.ActiveCfg = Debug|Any CPU
		{A327BF6E-C0F5-4330-B90B-E927BAA400E7}.Debug|Any CPU.Build.0 = Debug|Any CPU
		{A327BF6E-C0F5-4330-B90B-E927BAA400E7}.Release|Any CPU.ActiveCfg = Release|Any CPU
		{A327BF6E-C0F5-4330-B90B-E927BAA400E7}.Release|Any CPU.Build.0 = Release|Any CPU
		{91BD8506-D672-4A21-961B-BABA191FE588}.Debug|Any CPU.ActiveCfg = Debug|Any CPU
		{91BD8506-D672-4A21-961B-BABA191FE588}.Debug|Any CPU.Build.0 = Debug|Any CPU
		{91BD8506-D672-4A21-961B-BABA191FE588}.Release|Any CPU.ActiveCfg = Release|Any CPU
		{91BD8506-D672-4A21-961B-BABA191FE588}.Release|Any CPU.Build.0 = Release|Any CPU
	EndGlobalSection
	GlobalSection(SolutionProperties) = preSolution
		HideSolutionNode = FALSE
	EndGlobalSection
	GlobalSection(ExtensibilityGlobals) = postSolution
		SolutionGuid = {56671EEB-4E74-4E93-AA3F-4657FB244112}
	EndGlobalSection
EndGlobal
