
Microsoft Visual Studio Solution File, Format Version 12.00
# Visual Studio Version 16
VisualStudioVersion = 16.0.30114.105
MinimumVisualStudioVersion = 10.0.40219.1
Project("{9A19103F-16F7-4668-BE54-9A1E7A4F7556}") = "LTCSDL.Web", "LTCSDL.Web\LTCSDL.Web.csproj", "{82B626FB-2CF7-4ED9-A8BB-8D8F5F90E800}"
EndProject
Project("{9A19103F-16F7-4668-BE54-9A1E7A4F7556}") = "LTCSDL.DAL", "LTCSDL.DAL\LTCSDL.DAL.csproj", "{F2981FCA-D364-4746-B2F6-3FE066FB7670}"
EndProject
Project("{9A19103F-16F7-4668-BE54-9A1E7A4F7556}") = "LTCSDL.BLL", "LTCSDL.BLL\LTCSDL.BLL.csproj", "{303FC4D5-F3D3-467D-A8BA-F3D4A430FC1C}"
EndProject
Project("{9A19103F-16F7-4668-BE54-9A1E7A4F7556}") = "LTCSDL.Common", "LTCSDL.Common\LTCSDL.Common.csproj", "{5495F220-FF2D-4A1F-BBF8-101F455F84EA}"
EndProject
Global
	GlobalSection(SolutionConfigurationPlatforms) = preSolution
		Debug|Any CPU = Debug|Any CPU
		Release|Any CPU = Release|Any CPU
	EndGlobalSection
	GlobalSection(ProjectConfigurationPlatforms) = postSolution
		{82B626FB-2CF7-4ED9-A8BB-8D8F5F90E800}.Debug|Any CPU.ActiveCfg = Debug|Any CPU
		{82B626FB-2CF7-4ED9-A8BB-8D8F5F90E800}.Debug|Any CPU.Build.0 = Debug|Any CPU
		{82B626FB-2CF7-4ED9-A8BB-8D8F5F90E800}.Release|Any CPU.ActiveCfg = Release|Any CPU
		{82B626FB-2CF7-4ED9-A8BB-8D8F5F90E800}.Release|Any CPU.Build.0 = Release|Any CPU
		{F2981FCA-D364-4746-B2F6-3FE066FB7670}.Debug|Any CPU.ActiveCfg = Debug|Any CPU
		{F2981FCA-D364-4746-B2F6-3FE066FB7670}.Debug|Any CPU.Build.0 = Debug|Any CPU
		{F2981FCA-D364-4746-B2F6-3FE066FB7670}.Release|Any CPU.ActiveCfg = Release|Any CPU
		{F2981FCA-D364-4746-B2F6-3FE066FB7670}.Release|Any CPU.Build.0 = Release|Any CPU
		{303FC4D5-F3D3-467D-A8BA-F3D4A430FC1C}.Debug|Any CPU.ActiveCfg = Debug|Any CPU
		{303FC4D5-F3D3-467D-A8BA-F3D4A430FC1C}.Debug|Any CPU.Build.0 = Debug|Any CPU
		{303FC4D5-F3D3-467D-A8BA-F3D4A430FC1C}.Release|Any CPU.ActiveCfg = Release|Any CPU
		{303FC4D5-F3D3-467D-A8BA-F3D4A430FC1C}.Release|Any CPU.Build.0 = Release|Any CPU
		{5495F220-FF2D-4A1F-BBF8-101F455F84EA}.Debug|Any CPU.ActiveCfg = Debug|Any CPU
		{5495F220-FF2D-4A1F-BBF8-101F455F84EA}.Debug|Any CPU.Build.0 = Debug|Any CPU
		{5495F220-FF2D-4A1F-BBF8-101F455F84EA}.Release|Any CPU.ActiveCfg = Release|Any CPU
		{5495F220-FF2D-4A1F-BBF8-101F455F84EA}.Release|Any CPU.Build.0 = Release|Any CPU
	EndGlobalSection
	GlobalSection(SolutionProperties) = preSolution
		HideSolutionNode = FALSE
	EndGlobalSection
	GlobalSection(ExtensibilityGlobals) = postSolution
		SolutionGuid = {5B9BB0F0-25AE-4CBB-9BDC-7AF302102AB4}
	EndGlobalSection
EndGlobal
